// !$*UTF8*$!
{
	archiveVersion = 1;
	classes = {
	};
	objectVersion = 77;
	objects = {

/* Begin PBXBuildFile section */
		19CE8F5B18CE348AD27EE069 /* fuse_bridge.c in Sources */ = {isa = PBXBuildFile; fileRef = A5C639220B29AC0A7228A1C6 /* fuse_bridge.c */; };
		19E20F811D9B3997047E1E78 /* MenuBarView.swift in Sources */ = {isa = PBXBuildFile; fileRef = C8B034329F3C4FD0221B7672 /* MenuBarView.swift */; };
		1A3E924EEA5F2E7AEF5CC744 /* WebDAVMounter.swift in Sources */ = {isa = PBXBuildFile; fileRef = 336014752CAC19AE802D0CA1 /* WebDAVMounter.swift */; };
		34472F8C83BE8F30BC61D246 /* MacFUSEInstaller.swift in Sources */ = {isa = PBXBuildFile; fileRef = A43B6886D8F529A173C80DF4 /* MacFUSEInstaller.swift */; };
		40EA84E1AA392AEA05D854AB /* AppState.swift in Sources */ = {isa = PBXBuildFile; fileRef = B3365CD1795A654B5C06B261 /* AppState.swift */; };
		4D0C52934CA6FEE3E1F32017 /* DiskMountManager.swift in Sources */ = {isa = PBXBuildFile; fileRef = 593C9AF1DE5989DD1DA579BF /* DiskMountManager.swift */; };
		635E37F361A66DAD08018596 /* DesignSystem.swift in Sources */ = {isa = PBXBuildFile; fileRef = BA99F58FB6418F75E8FD7C36 /* DesignSystem.swift */; };
		6AF987A12FF74BC9B2F0BCEF /* OnboardingView.swift in Sources */ = {isa = PBXBuildFile; fileRef = 4C27D45FE1EDC6D929ADCA44 /* OnboardingView.swift */; };
		72F1F94B410FDD14E377DB8A /* PairingCodeField.swift in Sources */ = {isa = PBXBuildFile; fileRef = 7F225CCF1BA87B889E69AD5B /* PairingCodeField.swift */; };
		92FD89DEEC74DAF02360D49E /* SwiftProtobuf in Frameworks */ = {isa = PBXBuildFile; productRef = 1B5FF3FCFE4531B966C1B964 /* SwiftProtobuf */; };
		956456245F664D9A56B6818F /* PairingView.swift in Sources */ = {isa = PBXBuildFile; fileRef = FB890DFEB0400C5418862B65 /* PairingView.swift */; };
		AD3DABA59B0575BAA5E874A2 /* QUICClient.swift in Sources */ = {isa = PBXBuildFile; fileRef = C068462A363701C6426C4748 /* QUICClient.swift */; };
		C02CAABBC994E4546B64C88A /* Assets.xcassets in Resources */ = {isa = PBXBuildFile; fileRef = F4712CF4C1E97905BC6C7350 /* Assets.xcassets */; };
		E13B7783B6245D74800FEDBA /* ConnectedView.swift in Sources */ = {isa = PBXBuildFile; fileRef = 92DAD22B525BA13C6D154F08 /* ConnectedView.swift */; };
		E5C5BF5EE8F3A9805577EC62 /* DiskWaveApp.swift in Sources */ = {isa = PBXBuildFile; fileRef = 9D8F69964A0C71C78BF56796 /* DiskWaveApp.swift */; };
		F52A083764722EC59A8E5A4D /* diskside.pb.swift in Sources */ = {isa = PBXBuildFile; fileRef = 6165DF3A0F5CAF0166A6A92F /* diskside.pb.swift */; };
/* End PBXBuildFile section */

/* Begin PBXFileReference section */
		2ADA5B85E37F846B5741CC09 /* Info.plist */ = {isa = PBXFileReference; lastKnownFileType = text.plist; path = Info.plist; sourceTree = "<group>"; };
		336014752CAC19AE802D0CA1 /* WebDAVMounter.swift */ = {isa = PBXFileReference; lastKnownFileType = sourcecode.swift; path = WebDAVMounter.swift; sourceTree = "<group>"; };
		4C27D45FE1EDC6D929ADCA44 /* OnboardingView.swift */ = {isa = PBXFileReference; lastKnownFileType = sourcecode.swift; path = OnboardingView.swift; sourceTree = "<group>"; };
		4D368C534ABF4E1E90CB3BF9 /* fuse_bridge.h */ = {isa = PBXFileReference; lastKnownFileType = sourcecode.c.h; path = fuse_bridge.h; sourceTree = "<group>"; };
		593C9AF1DE5989DD1DA579BF /* DiskMountManager.swift */ = {isa = PBXFileReference; lastKnownFileType = sourcecode.swift; path = DiskMountManager.swift; sourceTree = "<group>"; };
		6165DF3A0F5CAF0166A6A92F /* diskside.pb.swift */ = {isa = PBXFileReference; lastKnownFileType = sourcecode.swift; path = diskside.pb.swift; sourceTree = "<group>"; };
		7A155144D699F4814FD2108B /* DiskWave-Bridging-Header.h */ = {isa = PBXFileReference; lastKnownFileType = sourcecode.c.h; path = "DiskWave-Bridging-Header.h"; sourceTree = "<group>"; };
		7F225CCF1BA87B889E69AD5B /* PairingCodeField.swift */ = {isa = PBXFileReference; lastKnownFileType = sourcecode.swift; path = PairingCodeField.swift; sourceTree = "<group>"; };
		8C57F89E135195AB459DE02E /* fuse_stub.h */ = {isa = PBXFileReference; lastKnownFileType = sourcecode.c.h; path = fuse_stub.h; sourceTree = "<group>"; };
		92DAD22B525BA13C6D154F08 /* ConnectedView.swift */ = {isa = PBXFileReference; lastKnownFileType = sourcecode.swift; path = ConnectedView.swift; sourceTree = "<group>"; };
		9D8F69964A0C71C78BF56796 /* DiskWaveApp.swift */ = {isa = PBXFileReference; lastKnownFileType = sourcecode.swift; path = DiskWaveApp.swift; sourceTree = "<group>"; };
		A43B6886D8F529A173C80DF4 /* MacFUSEInstaller.swift */ = {isa = PBXFileReference; lastKnownFileType = sourcecode.swift; path = MacFUSEInstaller.swift; sourceTree = "<group>"; };
		A5C639220B29AC0A7228A1C6 /* fuse_bridge.c */ = {isa = PBXFileReference; lastKnownFileType = sourcecode.c.c; path = fuse_bridge.c; sourceTree = "<group>"; };
		B3365CD1795A654B5C06B261 /* AppState.swift */ = {isa = PBXFileReference; lastKnownFileType = sourcecode.swift; path = AppState.swift; sourceTree = "<group>"; };
		BA99F58FB6418F75E8FD7C36 /* DesignSystem.swift */ = {isa = PBXFileReference; lastKnownFileType = sourcecode.swift; path = DesignSystem.swift; sourceTree = "<group>"; };
		BED03C51C4FC6E3B4932E15D /* DiskWave.entitlements */ = {isa = PBXFileReference; lastKnownFileType = text.plist.entitlements; path = DiskWave.entitlements; sourceTree = "<group>"; };
		C068462A363701C6426C4748 /* QUICClient.swift */ = {isa = PBXFileReference; lastKnownFileType = sourcecode.swift; path = QUICClient.swift; sourceTree = "<group>"; };
		C8B034329F3C4FD0221B7672 /* MenuBarView.swift */ = {isa = PBXFileReference; lastKnownFileType = sourcecode.swift; path = MenuBarView.swift; sourceTree = "<group>"; };
		D37E9FF28E00C916CC44E53A /* DiskWave.app */ = {isa = PBXFileReference; explicitFileType = wrapper.application; includeInIndex = 0; path = DiskWave.app; sourceTree = BUILT_PRODUCTS_DIR; };
		F4712CF4C1E97905BC6C7350 /* Assets.xcassets */ = {isa = PBXFileReference; lastKnownFileType = folder.assetcatalog; path = Assets.xcassets; sourceTree = "<group>"; };
		FB890DFEB0400C5418862B65 /* PairingView.swift */ = {isa = PBXFileReference; lastKnownFileType = sourcecode.swift; path = PairingView.swift; sourceTree = "<group>"; };
/* End PBXFileReference section */

/* Begin PBXFrameworksBuildPhase section */
		2FC93D56A4FCEF51511F7798 /* Frameworks */ = {
			isa = PBXFrameworksBuildPhase;
			buildActionMask = 2147483647;
			files = (
				92FD89DEEC74DAF02360D49E /* SwiftProtobuf in Frameworks */,
			);
			runOnlyForDeploymentPostprocessing = 0;
		};
/* End PBXFrameworksBuildPhase section */

/* Begin PBXGroup section */
		13347BE18272B3CB8F1A3631 /* App */ = {
			isa = PBXGroup;
			children = (
				B3365CD1795A654B5C06B261 /* AppState.swift */,
				F4712CF4C1E97905BC6C7350 /* Assets.xcassets */,
				92DAD22B525BA13C6D154F08 /* ConnectedView.swift */,
				BED03C51C4FC6E3B4932E15D /* DiskWave.entitlements */,
				9D8F69964A0C71C78BF56796 /* DiskWaveApp.swift */,
				2ADA5B85E37F846B5741CC09 /* Info.plist */,
				C8B034329F3C4FD0221B7672 /* MenuBarView.swift */,
				4C27D45FE1EDC6D929ADCA44 /* OnboardingView.swift */,
				7F225CCF1BA87B889E69AD5B /* PairingCodeField.swift */,
				FB890DFEB0400C5418862B65 /* PairingView.swift */,
			);
			path = App;
			sourceTree = "<group>";
		};
		1FD1A280E993956E57D81656 = {
			isa = PBXGroup;
			children = (
				849E8D98FB47C978CEEF6E49 /* Sources */,
				6C9B2A837E2908D200B2C307 /* Products */,
			);
			sourceTree = "<group>";
		};
		4407D2E04F37FF35F866886A /* Proto */ = {
			isa = PBXGroup;
			children = (
				6165DF3A0F5CAF0166A6A92F /* diskside.pb.swift */,
			);
			path = Proto;
			sourceTree = "<group>";
		};
		51D9BF41A2531BADFBBFC931 /* Design */ = {
			isa = PBXGroup;
			children = (
				BA99F58FB6418F75E8FD7C36 /* DesignSystem.swift */,
			);
			path = Design;
			sourceTree = "<group>";
		};
		6C9B2A837E2908D200B2C307 /* Products */ = {
			isa = PBXGroup;
			children = (
				D37E9FF28E00C916CC44E53A /* DiskWave.app */,
			);
			name = Products;
			sourceTree = "<group>";
		};
		7E0E0916608E03E3A913BECF /* Network */ = {
			isa = PBXGroup;
			children = (
				C068462A363701C6426C4748 /* QUICClient.swift */,
				336014752CAC19AE802D0CA1 /* WebDAVMounter.swift */,
			);
			path = Network;
			sourceTree = "<group>";
		};
		849E8D98FB47C978CEEF6E49 /* Sources */ = {
			isa = PBXGroup;
			children = (
				13347BE18272B3CB8F1A3631 /* App */,
				51D9BF41A2531BADFBBFC931 /* Design */,
				8AFA40C1A726BC6698432C10 /* FUSE */,
				7E0E0916608E03E3A913BECF /* Network */,
				4407D2E04F37FF35F866886A /* Proto */,
			);
			path = Sources;
			sourceTree = "<group>";
		};
		8AFA40C1A726BC6698432C10 /* FUSE */ = {
			isa = PBXGroup;
			children = (
				593C9AF1DE5989DD1DA579BF /* DiskMountManager.swift */,
				7A155144D699F4814FD2108B /* DiskWave-Bridging-Header.h */,
				A5C639220B29AC0A7228A1C6 /* fuse_bridge.c */,
				4D368C534ABF4E1E90CB3BF9 /* fuse_bridge.h */,
				8C57F89E135195AB459DE02E /* fuse_stub.h */,
				A43B6886D8F529A173C80DF4 /* MacFUSEInstaller.swift */,
			);
			path = FUSE;
			sourceTree = "<group>";
		};
/* End PBXGroup section */

/* Begin PBXNativeTarget section */
		348E675246544A23DC1C004F /* DiskWave */ = {
			isa = PBXNativeTarget;
			buildConfigurationList = BBCAE37E2B677A5219ADDF1D /* Build configuration list for PBXNativeTarget "DiskWave" */;
			buildPhases = (
				21B278CF841D47F036827F53 /* Sources */,
				045DD1D0DB2F8D3316F73E1C /* Resources */,
				2FC93D56A4FCEF51511F7798 /* Frameworks */,
			);
			buildRules = (
			);
			dependencies = (
			);
			name = DiskWave;
			packageProductDependencies = (
				1B5FF3FCFE4531B966C1B964 /* SwiftProtobuf */,
			);
			productName = DiskWave;
			productReference = D37E9FF28E00C916CC44E53A /* DiskWave.app */;
			productType = "com.apple.product-type.application";
		};
/* End PBXNativeTarget section */

/* Begin PBXProject section */
		E56CCC34F5D25A54A1692CE4 /* Project object */ = {
			isa = PBXProject;
			attributes = {
				BuildIndependentTargetsInParallel = YES;
				LastUpgradeCheck = 1500;
				TargetAttributes = {
					348E675246544A23DC1C004F = {
						ProvisioningStyle = Automatic;
					};
				};
			};
			buildConfigurationList = FD56B8DC831744F78D08A031 /* Build configuration list for PBXProject "DiskWave" */;
			developmentRegion = en;
			hasScannedForEncodings = 0;
			knownRegions = (
				Base,
				en,
			);
			mainGroup = 1FD1A280E993956E57D81656;
			minimizedProjectReferenceProxies = 1;
			packageReferences = (
				562E1C9EE018237E412B54AA /* XCRemoteSwiftPackageReference "swift-protobuf" */,
			);
			preferredProjectObjectVersion = 77;
			productRefGroup = 6C9B2A837E2908D200B2C307 /* Products */;
			projectDirPath = "";
			projectRoot = "";
			targets = (
				348E675246544A23DC1C004F /* DiskWave */,
			);
		};
/* End PBXProject section */

/* Begin PBXResourcesBuildPhase section */
		045DD1D0DB2F8D3316F73E1C /* Resources */ = {
			isa = PBXResourcesBuildPhase;
			buildActionMask = 2147483647;
			files = (
				C02CAABBC994E4546B64C88A /* Assets.xcassets in Resources */,
			);
			runOnlyForDeploymentPostprocessing = 0;
		};
/* End PBXResourcesBuildPhase section */

/* Begin PBXSourcesBuildPhase section */
		21B278CF841D47F036827F53 /* Sources */ = {
			isa = PBXSourcesBuildPhase;
			buildActionMask = 2147483647;
			files = (
				40EA84E1AA392AEA05D854AB /* AppState.swift in Sources */,
				E13B7783B6245D74800FEDBA /* ConnectedView.swift in Sources */,
				635E37F361A66DAD08018596 /* DesignSystem.swift in Sources */,
				4D0C52934CA6FEE3E1F32017 /* DiskMountManager.swift in Sources */,
				E5C5BF5EE8F3A9805577EC62 /* DiskWaveApp.swift in Sources */,
				34472F8C83BE8F30BC61D246 /* MacFUSEInstaller.swift in Sources */,
				19E20F811D9B3997047E1E78 /* MenuBarView.swift in Sources */,
				6AF987A12FF74BC9B2F0BCEF /* OnboardingView.swift in Sources */,
				72F1F94B410FDD14E377DB8A /* PairingCodeField.swift in Sources */,
				956456245F664D9A56B6818F /* PairingView.swift in Sources */,
				AD3DABA59B0575BAA5E874A2 /* QUICClient.swift in Sources */,
				1A3E924EEA5F2E7AEF5CC744 /* WebDAVMounter.swift in Sources */,
				F52A083764722EC59A8E5A4D /* diskside.pb.swift in Sources */,
				19CE8F5B18CE348AD27EE069 /* fuse_bridge.c in Sources */,
			);
			runOnlyForDeploymentPostprocessing = 0;
		};
/* End PBXSourcesBuildPhase section */

/* Begin XCBuildConfiguration section */
		1968F59E4CD05F9422081E1D /* Debug */ = {
			isa = XCBuildConfiguration;
			buildSettings = {
				ALWAYS_SEARCH_USER_PATHS = NO;
				CLANG_ANALYZER_NONNULL = YES;
				CLANG_ANALYZER_NUMBER_OBJECT_CONVERSION = YES_AGGRESSIVE;
				CLANG_CXX_LANGUAGE_STANDARD = "gnu++14";
				CLANG_CXX_LIBRARY = "libc++";
				CLANG_ENABLE_MODULES = YES;
				CLANG_ENABLE_OBJC_ARC = YES;
				CLANG_ENABLE_OBJC_WEAK = YES;
				CLANG_WARN_BLOCK_CAPTURE_AUTORELEASING = YES;
				CLANG_WARN_BOOL_CONVERSION = YES;
				CLANG_WARN_COMMA = YES;
				CLANG_WARN_CONSTANT_CONVERSION = YES;
				CLANG_WARN_DEPRECATED_OBJC_IMPLEMENTATIONS = YES;
				CLANG_WARN_DIRECT_OBJC_ISA_USAGE = YES_ERROR;
				CLANG_WARN_DOCUMENTATION_COMMENTS = YES;
				CLANG_WARN_EMPTY_BODY = YES;
				CLANG_WARN_ENUM_CONVERSION = YES;
				CLANG_WARN_INFINITE_RECURSION = YES;
				CLANG_WARN_INT_CONVERSION = YES;
				CLANG_WARN_NON_LITERAL_NULL_CONVERSION = YES;
				CLANG_WARN_OBJC_IMPLICIT_RETAIN_SELF = YES;
				CLANG_WARN_OBJC_LITERAL_CONVERSION = YES;
				CLANG_WARN_OBJC_ROOT_CLASS = YES_ERROR;
				CLANG_WARN_QUOTED_INCLUDE_IN_FRAMEWORK_HEADER = YES;
				CLANG_WARN_RANGE_LOOP_ANALYSIS = YES;
				CLANG_WARN_STRICT_PROTOTYPES = YES;
				CLANG_WARN_SUSPICIOUS_MOVE = YES;
				CLANG_WARN_UNGUARDED_AVAILABILITY = YES_AGGRESSIVE;
				CLANG_WARN_UNREACHABLE_CODE = YES;
				CLANG_WARN__DUPLICATE_METHOD_MATCH = YES;
				CODE_SIGN_STYLE = Automatic;
				COPY_PHASE_STRIP = NO;
				DEBUG_INFORMATION_FORMAT = dwarf;
				ENABLE_HARDENED_RUNTIME = YES;
				ENABLE_STRICT_OBJC_MSGSEND = YES;
				ENABLE_TESTABILITY = YES;
				GCC_C_LANGUAGE_STANDARD = gnu11;
				GCC_DYNAMIC_NO_PIC = NO;
				GCC_NO_COMMON_BLOCKS = YES;
				GCC_OPTIMIZATION_LEVEL = 0;
				GCC_PREPROCESSOR_DEFINITIONS = (
					"$(inherited)",
					"DEBUG=1",
				);
				GCC_WARN_64_TO_32_BIT_CONVERSION = YES;
				GCC_WARN_ABOUT_RETURN_TYPE = YES_ERROR;
				GCC_WARN_UNDECLARED_SELECTOR = YES;
				GCC_WARN_UNINITIALIZED_AUTOS = YES_AGGRESSIVE;
				GCC_WARN_UNUSED_FUNCTION = YES;
				GCC_WARN_UNUSED_VARIABLE = YES;
				INFOPLIST_FILE = Sources/App/Info.plist;
				MACOSX_DEPLOYMENT_TARGET = 13.0;
				MTL_ENABLE_DEBUG_INFO = INCLUDE_SOURCE;
				MTL_FAST_MATH = YES;
				ONLY_ACTIVE_ARCH = YES;
				PRODUCT_NAME = DiskWave;
				SDKROOT = macosx;
				SWIFT_ACTIVE_COMPILATION_CONDITIONS = DEBUG;
				SWIFT_OPTIMIZATION_LEVEL = "-Onone";
				SWIFT_VERSION = 5.9;
			};
			name = Debug;
		};
		2C844C568009241855749D19 /* Release */ = {
			isa = XCBuildConfiguration;
			buildSettings = {
				ALWAYS_SEARCH_USER_PATHS = NO;
				CLANG_ANALYZER_NONNULL = YES;
				CLANG_ANALYZER_NUMBER_OBJECT_CONVERSION = YES_AGGRESSIVE;
				CLANG_CXX_LANGUAGE_STANDARD = "gnu++14";
				CLANG_CXX_LIBRARY = "libc++";
				CLANG_ENABLE_MODULES = YES;
				CLANG_ENABLE_OBJC_ARC = YES;
				CLANG_ENABLE_OBJC_WEAK = YES;
				CLANG_WARN_BLOCK_CAPTURE_AUTORELEASING = YES;
				CLANG_WARN_BOOL_CONVERSION = YES;
				CLANG_WARN_COMMA = YES;
				CLANG_WARN_CONSTANT_CONVERSION = YES;
				CLANG_WARN_DEPRECATED_OBJC_IMPLEMENTATIONS = YES;
				CLANG_WARN_DIRECT_OBJC_ISA_USAGE = YES_ERROR;
				CLANG_WARN_DOCUMENTATION_COMMENTS = YES;
				CLANG_WARN_EMPTY_BODY = YES;
				CLANG_WARN_ENUM_CONVERSION = YES;
				CLANG_WARN_INFINITE_RECURSION = YES;
				CLANG_WARN_INT_CONVERSION = YES;
				CLANG_WARN_NON_LITERAL_NULL_CONVERSION = YES;
				CLANG_WARN_OBJC_IMPLICIT_RETAIN_SELF = YES;
				CLANG_WARN_OBJC_LITERAL_CONVERSION = YES;
				CLANG_WARN_OBJC_ROOT_CLASS = YES_ERROR;
				CLANG_WARN_QUOTED_INCLUDE_IN_FRAMEWORK_HEADER = YES;
				CLANG_WARN_RANGE_LOOP_ANALYSIS = YES;
				CLANG_WARN_STRICT_PROTOTYPES = YES;
				CLANG_WARN_SUSPICIOUS_MOVE = YES;
				CLANG_WARN_UNGUARDED_AVAILABILITY = YES_AGGRESSIVE;
				CLANG_WARN_UNREACHABLE_CODE = YES;
				CLANG_WARN__DUPLICATE_METHOD_MATCH = YES;
				CODE_SIGN_STYLE = Automatic;
				COPY_PHASE_STRIP = NO;
				DEBUG_INFORMATION_FORMAT = "dwarf-with-dsym";
				ENABLE_HARDENED_RUNTIME = YES;
				ENABLE_NS_ASSERTIONS = NO;
				ENABLE_STRICT_OBJC_MSGSEND = YES;
				GCC_C_LANGUAGE_STANDARD = gnu11;
				GCC_NO_COMMON_BLOCKS = YES;
				GCC_WARN_64_TO_32_BIT_CONVERSION = YES;
				GCC_WARN_ABOUT_RETURN_TYPE = YES_ERROR;
				GCC_WARN_UNDECLARED_SELECTOR = YES;
				GCC_WARN_UNINITIALIZED_AUTOS = YES_AGGRESSIVE;
				GCC_WARN_UNUSED_FUNCTION = YES;
				GCC_WARN_UNUSED_VARIABLE = YES;
				INFOPLIST_FILE = Sources/App/Info.plist;
				MACOSX_DEPLOYMENT_TARGET = 13.0;
				MTL_ENABLE_DEBUG_INFO = NO;
				MTL_FAST_MATH = YES;
				PRODUCT_NAME = DiskWave;
				SDKROOT = macosx;
				SWIFT_COMPILATION_MODE = wholemodule;
				SWIFT_OPTIMIZATION_LEVEL = "-O";
				SWIFT_VERSION = 5.9;
			};
			name = Release;
		};
		3AA6B935DF57504F4CFBD745 /* Debug */ = {
			isa = XCBuildConfiguration;
			buildSettings = {
				ASSETCATALOG_COMPILER_APPICON_NAME = AppIcon;
				CODE_SIGN_ENTITLEMENTS = Sources/App/DiskWave.entitlements;
				COMBINE_HIDPI_IMAGES = YES;
				ENABLE_USER_SCRIPT_SANDBOXING = NO;
				HEADER_SEARCH_PATHS = "$(inherited) /usr/local/include $(SRCROOT)/Sources/FUSE";
				INFOPLIST_FILE = Sources/App/Info.plist;
				LD_RUNPATH_SEARCH_PATHS = "$(inherited) @executable_path/../Frameworks";
				MACOSX_DEPLOYMENT_TARGET = 13.0;
				OTHER_CFLAGS = "$(inherited) -D_FILE_OFFSET_BITS=64";
				OTHER_LDFLAGS = "$(inherited) -Wl,-undefined,dynamic_lookup -L/usr/local/lib -Wl,-rpath,/usr/local/lib";
				PRODUCT_BUNDLE_IDENTIFIER = com.diskwave.app;
				SDKROOT = macosx;
				SWIFT_OBJC_BRIDGING_HEADER = "Sources/FUSE/DiskWave-Bridging-Header.h";
				SYSTEM_HEADER_SEARCH_PATHS = /usr/local/include;
			};
			name = Debug;
		};
		C9266B656D6CC0C4E84D961E /* Release */ = {
			isa = XCBuildConfiguration;
			buildSettings = {
				ASSETCATALOG_COMPILER_APPICON_NAME = AppIcon;
				CODE_SIGN_ENTITLEMENTS = Sources/App/DiskWave.entitlements;
				COMBINE_HIDPI_IMAGES = YES;
				ENABLE_USER_SCRIPT_SANDBOXING = NO;
				HEADER_SEARCH_PATHS = "$(inherited) /usr/local/include $(SRCROOT)/Sources/FUSE";
				INFOPLIST_FILE = Sources/App/Info.plist;
				LD_RUNPATH_SEARCH_PATHS = "$(inherited) @executable_path/../Frameworks";
				MACOSX_DEPLOYMENT_TARGET = 13.0;
				OTHER_CFLAGS = "$(inherited) -D_FILE_OFFSET_BITS=64";
				OTHER_LDFLAGS = "$(inherited) -Wl,-undefined,dynamic_lookup -L/usr/local/lib -Wl,-rpath,/usr/local/lib";
				PRODUCT_BUNDLE_IDENTIFIER = com.diskwave.app;
				SDKROOT = macosx;
				SWIFT_OBJC_BRIDGING_HEADER = "Sources/FUSE/DiskWave-Bridging-Header.h";
				SYSTEM_HEADER_SEARCH_PATHS = /usr/local/include;
			};
			name = Release;
		};
/* End XCBuildConfiguration section */

/* Begin XCConfigurationList section */
		BBCAE37E2B677A5219ADDF1D /* Build configuration list for PBXNativeTarget "DiskWave" */ = {
			isa = XCConfigurationList;
			buildConfigurations = (
				3AA6B935DF57504F4CFBD745 /* Debug */,
				C9266B656D6CC0C4E84D961E /* Release */,
			);
			defaultConfigurationIsVisible = 0;
			defaultConfigurationName = Debug;
		};
		FD56B8DC831744F78D08A031 /* Build configuration list for PBXProject "DiskWave" */ = {
			isa = XCConfigurationList;
			buildConfigurations = (
				1968F59E4CD05F9422081E1D /* Debug */,
				2C844C568009241855749D19 /* Release */,
			);
			defaultConfigurationIsVisible = 0;
			defaultConfigurationName = Debug;
		};
/* End XCConfigurationList section */

/* Begin XCRemoteSwiftPackageReference section */
		562E1C9EE018237E412B54AA /* XCRemoteSwiftPackageReference "swift-protobuf" */ = {
			isa = XCRemoteSwiftPackageReference;
			repositoryURL = "https://github.com/apple/swift-protobuf";
			requirement = {
				kind = upToNextMajorVersion;
				minimumVersion = 1.25.0;
			};
		};
/* End XCRemoteSwiftPackageReference section */

/* Begin XCSwiftPackageProductDependency section */
		1B5FF3FCFE4531B966C1B964 /* SwiftProtobuf */ = {
			isa = XCSwiftPackageProductDependency;
			package = 562E1C9EE018237E412B54AA /* XCRemoteSwiftPackageReference "swift-protobuf" */;
			productName = SwiftProtobuf;
		};
/* End XCSwiftPackageProductDependency section */
	};
	rootObject = E56CCC34F5D25A54A1692CE4 /* Project object */;
}
